
Microsoft Visual Studio Solution File, Format Version 12.00
# Visual Studio Version 16
VisualStudioVersion = 16.0.29613.14
MinimumVisualStudioVersion = 10.0.40219.1
Project("{FAE04EC0-301F-11D3-BF4B-00C04F79EFBC}") = "minkov", "minkov.csproj", "{340E7EDD-D7BE-47E1-B045-95FCD3195768}"
EndProject
Global
	GlobalSection(SolutionConfigurationPlatforms) = preSolution
		Debug|Any CPU = Debug|Any CPU
		Release|Any CPU = Release|Any CPU
	EndGlobalSection
	GlobalSection(ProjectConfigurationPlatforms) = postSolution
		{340E7EDD-D7BE-47E1-B045-95FCD3195768}.Debug|Any CPU.ActiveCfg = Debug|Any CPU
		{340E7EDD-D7BE-47E1-B045-95FCD3195768}.Debug|Any CPU.Build.0 = Debug|Any CPU
		{340E7EDD-D7BE-47E1-B045-95FCD3195768}.Release|Any CPU.ActiveCfg = Release|Any CPU
		{340E7EDD-D7BE-47E1-B045-95FCD3195768}.Release|Any CPU.Build.0 = Release|Any CPU
	EndGlobalSection
	GlobalSection(SolutionProperties) = preSolution
		HideSolutionNode = FALSE
	EndGlobalSection
	GlobalSection(ExtensibilityGlobals) = postSolution
		SolutionGuid = {A8BB7C7C-D986-42AE-A289-0FECF908CF2B}
	EndGlobalSection
EndGlobal
